# This file is automatically @generated by Poetry 1.7.1 and should not be changed by hand.

[[package]]
name = "influx-si"
version = "7.0.2"
description = "Metabolic flux and concentration estimation based on stable isotope labeling"
optional = false
python-versions = "*"
files = [
    {file = "influx_si-7.0.2.tar.gz", hash = "sha256:c76482e538363b1d158da78f26b21ead699e2e5d0cea3391173463eef76329c9"},
]

[package.dependencies]
kvh = "*"
pandas = "*"
python-libsbml = "*"
scipy = "*"

[[package]]
name = "kvh"
version = "0.3.2"
description = "KVH format reader/writer"
optional = false
python-versions = ">=3.6"
files = [
    {file = "kvh-0.3.2-cp310-cp310-macosx_10_9_universal2.whl", hash = "sha256:3f32cde615ff6ee120b4da6f181977660afffe8bbac46d7ea9519335854a492d"},
    {file = "kvh-0.3.2-cp310-cp310-macosx_10_9_x86_64.whl", hash = "sha256:05e997f57104f43611ada98e3a004d5fb4eb5de79f81537fb76b5f18b211a248"},
    {file = "kvh-0.3.2-cp310-cp310-manylinux_2_17_i686.manylinux2014_i686.whl", hash = "sha256:a86f0d47f88dc200b311732721ee8499ba0f48c7431bffdfcee6cb59551122c1"},
    {file = "kvh-0.3.2-cp310-cp310-manylinux_2_17_x86_64.manylinux2014_x86_64.whl", hash = "sha256:9cccb9c17792650fef75e5bdf5870a35c29c0dd573239d314238dbc5d849c578"},
    {file = "kvh-0.3.2-cp310-cp310-musllinux_1_1_i686.whl", hash = "sha256:d42b300936e3a89aa3576c9d1b45b7db37e19b9340d6be84753c0f3af384a2e5"},
    {file = "kvh-0.3.2-cp310-cp310-musllinux_1_1_x86_64.whl", hash = "sha256:6976b4f7834ee1140354d6da1966edb4b320baf7633bd7e5e860ca50b7df8d50"},
    {file = "kvh-0.3.2-cp310-cp310-win32.whl", hash = "sha256:fae3d111fefbda6f103690f4108bb0a37873824d062ec79cb63f7104cd6aa330"},
    {file = "kvh-0.3.2-cp310-cp310-win_amd64.whl", hash = "sha256:77da718dbe11a94cf3684b039bb639bb5411558837c41288bb8b3d229bdc7120"},
    {file = "kvh-0.3.2-cp311-cp311-macosx_10_9_universal2.whl", hash = "sha256:faadaed467deb51a2c2e1671e90cd586f582315dea35f5accdf56bc46db694d0"},
    {file = "kvh-0.3.2-cp311-cp311-macosx_10_9_x86_64.whl", hash = "sha256:0c9f64152b80360067304eed478c4eb661984c95e6c833ce1d4139c9faaa5ee6"},
    {file = "kvh-0.3.2-cp311-cp311-manylinux_2_17_i686.manylinux2014_i686.whl", hash = "sha256:8a673d3cb5cf3689a4a562e112bee3e78641ee5cbd119166dbbcfa089ae20862"},
    {file = "kvh-0.3.2-cp311-cp311-manylinux_2_17_x86_64.manylinux2014_x86_64.whl", hash = "sha256:b51a97a6f8d1108e9be9dc9d96f328fcc4e1d5ac5383c5504f89ed8d8fcbc49b"},
    {file = "kvh-0.3.2-cp311-cp311-musllinux_1_1_i686.whl", hash = "sha256:664b70cfcb90302dfbb2cff658fc5f0d43eb693788621401ab8df27eeba5565f"},
    {file = "kvh-0.3.2-cp311-cp311-musllinux_1_1_x86_64.whl", hash = "sha256:5322d75d1fb91c46621899d620924ee6a10bd250fe7c0a35d557f8fc4fa81e62"},
    {file = "kvh-0.3.2-cp311-cp311-win32.whl", hash = "sha256:c60076b79046508856bcc970e9e696c4cbaa1560e446f89829ce18ad8c723c36"},
    {file = "kvh-0.3.2-cp311-cp311-win_amd64.whl", hash = "sha256:478393b57497bff51c86da5d1882ed2d3473faf4eb5b091b20fee4adf5b6e52e"},
    {file = "kvh-0.3.2-cp36-cp36m-macosx_10_9_x86_64.whl", hash = "sha256:c88366f7172c67e41d1f545fbe5beaf0cea9bac2b26ca6e71adbd91d59ad51e9"},
    {file = "kvh-0.3.2-cp36-cp36m-manylinux_2_17_i686.manylinux2014_i686.whl", hash = "sha256:d8acedb034ec24d0edb14bb24b2998f6ef82266282022ea17c3bb9e07e4cf4fd"},
    {file = "kvh-0.3.2-cp36-cp36m-manylinux_2_17_x86_64.manylinux2014_x86_64.whl", hash = "sha256:7812254312640061c6f8c250ffd37c7bd61cfe2422b35bf95f9a42c915afb88b"},
    {file = "kvh-0.3.2-cp36-cp36m-musllinux_1_1_i686.whl", hash = "sha256:9b4876e6f5a78b77889be78426613b1c3f2513ca53f65ab8708fbe195a90bdde"},
    {file = "kvh-0.3.2-cp36-cp36m-musllinux_1_1_x86_64.whl", hash = "sha256:63483803cb25f3c6b5b7239e4b0561686587ab81945cac754a067ffc1b958497"},
    {file = "kvh-0.3.2-cp36-cp36m-win32.whl", hash = "sha256:6811e2e6236def1c166c469ea068e52725e64c2e351205da435068cb95959ea6"},
    {file = "kvh-0.3.2-cp36-cp36m-win_amd64.whl", hash = "sha256:1d4c407bf240d558ff0639efb1d0532574e7b717d497434794dbe904ce0e3421"},
    {file = "kvh-0.3.2-cp37-cp37m-macosx_10_9_x86_64.whl", hash = "sha256:690b43ebe834ae8252b574b1220f83df0b0469fd7a8e733400435a723ffd28dc"},
    {file = "kvh-0.3.2-cp37-cp37m-manylinux_2_17_i686.manylinux2014_i686.whl", hash = "sha256:2d63eadf4c8ecb01727a08b86b77d139bbb23072a6eb87fc9bb219720cc74f27"},
    {file = "kvh-0.3.2-cp37-cp37m-manylinux_2_17_x86_64.manylinux2014_x86_64.whl", hash = "sha256:93df7202810ab9f6bc8ac7cb8e45433947bae177c0d92a26ac2c255599bd420d"},
    {file = "kvh-0.3.2-cp37-cp37m-musllinux_1_1_i686.whl", hash = "sha256:dee9fd6a0acf5015a88a5cac96741621125f88415ecb94a856c51275c51ee048"},
    {file = "kvh-0.3.2-cp37-cp37m-musllinux_1_1_x86_64.whl", hash = "sha256:817fdddb9c998b8ce5ff3156cbcb109c539b1880d8e4e93bbdf0437bda3a3b7e"},
    {file = "kvh-0.3.2-cp37-cp37m-win32.whl", hash = "sha256:bd95a998351f2507bdc8e9950c3ffd0fec3220dc83d6be921896f0c7a2a7812d"},
    {file = "kvh-0.3.2-cp37-cp37m-win_amd64.whl", hash = "sha256:552ac1d77859a451ea8101fcc4b6abe6111414531c0d70934b0b2ac1008a08bf"},
    {file = "kvh-0.3.2-cp38-cp38-macosx_10_9_universal2.whl", hash = "sha256:e4e0aff92b6b1c3f6cc973a53082cad81b4fea9a2db3ce98ae9a49a5fa157bf6"},
    {file = "kvh-0.3.2-cp38-cp38-macosx_10_9_x86_64.whl", hash = "sha256:220b3e13363208dc5d5bb20d4b1b89d112251cc06a7002426038a14e51fd3910"},
    {file = "kvh-0.3.2-cp38-cp38-manylinux_2_17_i686.manylinux2014_i686.whl", hash = "sha256:f9f53cd6e5a4147bf0d07f779acf2f2b3128e30724015a6cc8263664ffefa423"},
    {file = "kvh-0.3.2-cp38-cp38-manylinux_2_17_x86_64.manylinux2014_x86_64.whl", hash = "sha256:9f5e1607e5aea4a25ba83dcfc34d844377c9cbc5536749c2517403eb595534f6"},
    {file = "kvh-0.3.2-cp38-cp38-musllinux_1_1_i686.whl", hash = "sha256:20d992be26229adc23ebc1040bd09b659648b5be98d8ffdeb13f317e07363bf0"},
    {file = "kvh-0.3.2-cp38-cp38-musllinux_1_1_x86_64.whl", hash = "sha256:ea35f636f4a83730cadccb81bc2b69ce73ec4e64ab67b15ffb91ae83a1d265e6"},
    {file = "kvh-0.3.2-cp38-cp38-win32.whl", hash = "sha256:88f073146b70dc1a687217ff5d45200b7ac6eaf072b75c13537f3b322c989ee9"},
    {file = "kvh-0.3.2-cp38-cp38-win_amd64.whl", hash = "sha256:28360534eadaf7785c9ea881439160d0e1820d88abe3d6e5b1562971339ab436"},
    {file = "kvh-0.3.2-cp39-cp39-macosx_10_9_universal2.whl", hash = "sha256:caf8a3fb511de006bba0304c36b6cc8d7347852e76c913fc38110d78c07fcfe2"},
    {file = "kvh-0.3.2-cp39-cp39-macosx_10_9_x86_64.whl", hash = "sha256:9b066a6d043e5cb0fc3f15e322f461ce4f7fbac4876db988e82eb5dc1ca1e34b"},
    {file = "kvh-0.3.2-cp39-cp39-manylinux_2_17_i686.manylinux2014_i686.whl", hash = "sha256:bf0f9c8538b9d727deeb35849d2478c7ecdfb96572464732807ee5b1969214c7"},
    {file = "kvh-0.3.2-cp39-cp39-manylinux_2_17_x86_64.manylinux2014_x86_64.whl", hash = "sha256:537b8d187cc8964d53e9880ec23de47f200da6931e3625ce3768d6962f83c1bb"},
    {file = "kvh-0.3.2-cp39-cp39-musllinux_1_1_i686.whl", hash = "sha256:22b384c76937cc157989d83099642acafecc8b654f93234f9fe2412b633a1554"},
    {file = "kvh-0.3.2-cp39-cp39-musllinux_1_1_x86_64.whl", hash = "sha256:f109dfe978298973f990da77f1286e7ba30361a847ea4f05a7df7f8a64d2f09a"},
    {file = "kvh-0.3.2-cp39-cp39-win32.whl", hash = "sha256:3bdec2201ccc0e8c21934c2132a4ac4f95d4da1c7378a3004e0bffb21be72890"},
    {file = "kvh-0.3.2-cp39-cp39-win_amd64.whl", hash = "sha256:6a79d005116ca1d2d912513f64b6acc6942b05a33c7a5e754d8f1ca2cb169e7b"},
    {file = "kvh-0.3.2-pp37-pypy37_pp73-macosx_10_9_x86_64.whl", hash = "sha256:5b3119351857813b2aad2f8fe2c97e92b075e0250564154d0a5f4001b53b4b60"},
    {file = "kvh-0.3.2-pp37-pypy37_pp73-manylinux_2_17_i686.manylinux2014_i686.whl", hash = "sha256:5a731bfb8fcb9f333bbeb5581de4a149386bda96b43041826956950c25fc6134"},
    {file = "kvh-0.3.2-pp37-pypy37_pp73-manylinux_2_17_x86_64.manylinux2014_x86_64.whl", hash = "sha256:0abd8d4af9e3a2c48295f15a3bdada947c813932d9f49c2c204ca1c2b04103bb"},
    {file = "kvh-0.3.2-pp37-pypy37_pp73-win_amd64.whl", hash = "sha256:fd98f0732c827a22d17fa075fd970052ec033615d1a7887fb8a599272462401c"},
    {file = "kvh-0.3.2-pp38-pypy38_pp73-macosx_10_9_x86_64.whl", hash = "sha256:b360a0ff9cece1f6dc1d3627af43748c4cadb223185b1bcda8f4609e86d892e7"},
    {file = "kvh-0.3.2-pp38-pypy38_pp73-manylinux_2_17_i686.manylinux2014_i686.whl", hash = "sha256:50c4ad566aeb2aad8b4e20aa9d5077fef5aef3ddac0db2535196c13847b6dac4"},
    {file = "kvh-0.3.2-pp38-pypy38_pp73-manylinux_2_17_x86_64.manylinux2014_x86_64.whl", hash = "sha256:d253a5ad3465fde90734575a1b837545210e5d32a94741cb71cfceb9a6087c83"},
    {file = "kvh-0.3.2-pp38-pypy38_pp73-win_amd64.whl", hash = "sha256:95cbe38172f6d3c40c5885db0748a5304979e7db317e9c73571ca75552923755"},
    {file = "kvh-0.3.2-pp39-pypy39_pp73-macosx_10_9_x86_64.whl", hash = "sha256:e766e7beeca5d151399a564eed4ab209043dc1199da1a8b1eeab397704ee6bc8"},
    {file = "kvh-0.3.2-pp39-pypy39_pp73-manylinux_2_17_i686.manylinux2014_i686.whl", hash = "sha256:d12d54adcf04a157fb9464b35242ef77e140f94ed85c7c5fffea33be81de8336"},
    {file = "kvh-0.3.2-pp39-pypy39_pp73-manylinux_2_17_x86_64.manylinux2014_x86_64.whl", hash = "sha256:e32905e6924716b370de16c698d0880b1d0bd47bf78cd8630f995982f232f54d"},
    {file = "kvh-0.3.2-pp39-pypy39_pp73-win_amd64.whl", hash = "sha256:43a21178f1e5a9160eda8212f6ef8cdf2af52f894078db20618e9f605628ab6c"},
    {file = "kvh-0.3.2.tar.gz", hash = "sha256:58c683f0c51aafb6d0139c59ecc288fca6bf7b4461ae11e6679973c24d85e81e"},
]

[package.extras]
test = ["pytest"]

[[package]]
name = "numpy"
version = "1.26.4"
description = "Fundamental package for array computing in Python"
optional = false
python-versions = ">=3.9"
files = [
    {file = "numpy-1.26.4-cp310-cp310-macosx_10_9_x86_64.whl", hash = "sha256:9ff0f4f29c51e2803569d7a51c2304de5554655a60c5d776e35b4a41413830d0"},
    {file = "numpy-1.26.4-cp310-cp310-macosx_11_0_arm64.whl", hash = "sha256:2e4ee3380d6de9c9ec04745830fd9e2eccb3e6cf790d39d7b98ffd19b0dd754a"},
    {file = "numpy-1.26.4-cp310-cp310-manylinux_2_17_aarch64.manylinux2014_aarch64.whl", hash = "sha256:d209d8969599b27ad20994c8e41936ee0964e6da07478d6c35016bc386b66ad4"},
    {file = "numpy-1.26.4-cp310-cp310-manylinux_2_17_x86_64.manylinux2014_x86_64.whl", hash = "sha256:ffa75af20b44f8dba823498024771d5ac50620e6915abac414251bd971b4529f"},
    {file = "numpy-1.26.4-cp310-cp310-musllinux_1_1_aarch64.whl", hash = "sha256:62b8e4b1e28009ef2846b4c7852046736bab361f7aeadeb6a5b89ebec3c7055a"},
    {file = "numpy-1.26.4-cp310-cp310-musllinux_1_1_x86_64.whl", hash = "sha256:a4abb4f9001ad2858e7ac189089c42178fcce737e4169dc61321660f1a96c7d2"},
    {file = "numpy-1.26.4-cp310-cp310-win32.whl", hash = "sha256:bfe25acf8b437eb2a8b2d49d443800a5f18508cd811fea3181723922a8a82b07"},
    {file = "numpy-1.26.4-cp310-cp310-win_amd64.whl", hash = "sha256:b97fe8060236edf3662adfc2c633f56a08ae30560c56310562cb4f95500022d5"},
    {file = "numpy-1.26.4-cp311-cp311-macosx_10_9_x86_64.whl", hash = "sha256:4c66707fabe114439db9068ee468c26bbdf909cac0fb58686a42a24de1760c71"},
    {file = "numpy-1.26.4-cp311-cp311-macosx_11_0_arm64.whl", hash = "sha256:edd8b5fe47dab091176d21bb6de568acdd906d1887a4584a15a9a96a1dca06ef"},
    {file = "numpy-1.26.4-cp311-cp311-manylinux_2_17_aarch64.manylinux2014_aarch64.whl", hash = "sha256:7ab55401287bfec946ced39700c053796e7cc0e3acbef09993a9ad2adba6ca6e"},
    {file = "numpy-1.26.4-cp311-cp311-manylinux_2_17_x86_64.manylinux2014_x86_64.whl", hash = "sha256:666dbfb6ec68962c033a450943ded891bed2d54e6755e35e5835d63f4f6931d5"},
    {file = "numpy-1.26.4-cp311-cp311-musllinux_1_1_aarch64.whl", hash = "sha256:96ff0b2ad353d8f990b63294c8986f1ec3cb19d749234014f4e7eb0112ceba5a"},
    {file = "numpy-1.26.4-cp311-cp311-musllinux_1_1_x86_64.whl", hash = "sha256:60dedbb91afcbfdc9bc0b1f3f402804070deed7392c23eb7a7f07fa857868e8a"},
    {file = "numpy-1.26.4-cp311-cp311-win32.whl", hash = "sha256:1af303d6b2210eb850fcf03064d364652b7120803a0b872f5211f5234b399f20"},
    {file = "numpy-1.26.4-cp311-cp311-win_amd64.whl", hash = "sha256:cd25bcecc4974d09257ffcd1f098ee778f7834c3ad767fe5db785be9a4aa9cb2"},
    {file = "numpy-1.26.4-cp312-cp312-macosx_10_9_x86_64.whl", hash = "sha256:b3ce300f3644fb06443ee2222c2201dd3a89ea6040541412b8fa189341847218"},
    {file = "numpy-1.26.4-cp312-cp312-macosx_11_0_arm64.whl", hash = "sha256:03a8c78d01d9781b28a6989f6fa1bb2c4f2d51201cf99d3dd875df6fbd96b23b"},
    {file = "numpy-1.26.4-cp312-cp312-manylinux_2_17_aarch64.manylinux2014_aarch64.whl", hash = "sha256:9fad7dcb1aac3c7f0584a5a8133e3a43eeb2fe127f47e3632d43d677c66c102b"},
    {file = "numpy-1.26.4-cp312-cp312-manylinux_2_17_x86_64.manylinux2014_x86_64.whl", hash = "sha256:675d61ffbfa78604709862923189bad94014bef562cc35cf61d3a07bba02a7ed"},
    {file = "numpy-1.26.4-cp312-cp312-musllinux_1_1_aarch64.whl", hash = "sha256:ab47dbe5cc8210f55aa58e4805fe224dac469cde56b9f731a4c098b91917159a"},
    {file = "numpy-1.26.4-cp312-cp312-musllinux_1_1_x86_64.whl", hash = "sha256:1dda2e7b4ec9dd512f84935c5f126c8bd8b9f2fc001e9f54af255e8c5f16b0e0"},
    {file = "numpy-1.26.4-cp312-cp312-win32.whl", hash = "sha256:50193e430acfc1346175fcbdaa28ffec49947a06918b7b92130744e81e640110"},
    {file = "numpy-1.26.4-cp312-cp312-win_amd64.whl", hash = "sha256:08beddf13648eb95f8d867350f6a018a4be2e5ad54c8d8caed89ebca558b2818"},
    {file = "numpy-1.26.4-cp39-cp39-macosx_10_9_x86_64.whl", hash = "sha256:7349ab0fa0c429c82442a27a9673fc802ffdb7c7775fad780226cb234965e53c"},
    {file = "numpy-1.26.4-cp39-cp39-macosx_11_0_arm64.whl", hash = "sha256:52b8b60467cd7dd1e9ed082188b4e6bb35aa5cdd01777621a1658910745b90be"},
    {file = "numpy-1.26.4-cp39-cp39-manylinux_2_17_aarch64.manylinux2014_aarch64.whl", hash = "sha256:d5241e0a80d808d70546c697135da2c613f30e28251ff8307eb72ba696945764"},
    {file = "numpy-1.26.4-cp39-cp39-manylinux_2_17_x86_64.manylinux2014_x86_64.whl", hash = "sha256:f870204a840a60da0b12273ef34f7051e98c3b5961b61b0c2c1be6dfd64fbcd3"},
    {file = "numpy-1.26.4-cp39-cp39-musllinux_1_1_aarch64.whl", hash = "sha256:679b0076f67ecc0138fd2ede3a8fd196dddc2ad3254069bcb9faf9a79b1cebcd"},
    {file = "numpy-1.26.4-cp39-cp39-musllinux_1_1_x86_64.whl", hash = "sha256:47711010ad8555514b434df65f7d7b076bb8261df1ca9bb78f53d3b2db02e95c"},
    {file = "numpy-1.26.4-cp39-cp39-win32.whl", hash = "sha256:a354325ee03388678242a4d7ebcd08b5c727033fcff3b2f536aea978e15ee9e6"},
    {file = "numpy-1.26.4-cp39-cp39-win_amd64.whl", hash = "sha256:3373d5d70a5fe74a2c1bb6d2cfd9609ecf686d47a2d7b1d37a8f3b6bf6003aea"},
    {file = "numpy-1.26.4-pp39-pypy39_pp73-macosx_10_9_x86_64.whl", hash = "sha256:afedb719a9dcfc7eaf2287b839d8198e06dcd4cb5d276a3df279231138e83d30"},
    {file = "numpy-1.26.4-pp39-pypy39_pp73-manylinux_2_17_x86_64.manylinux2014_x86_64.whl", hash = "sha256:95a7476c59002f2f6c590b9b7b998306fba6a5aa646b1e22ddfeaf8f78c3a29c"},
    {file = "numpy-1.26.4-pp39-pypy39_pp73-win_amd64.whl", hash = "sha256:7e50d0a0cc3189f9cb0aeb3a6a6af18c16f59f004b866cd2be1c14b36134a4a0"},
    {file = "numpy-1.26.4.tar.gz", hash = "sha256:2a02aba9ed12e4ac4eb3ea9421c420301a0c6460d9830d74a9df87efa4912010"},
]

[[package]]
name = "pandas"
version = "2.2.1"
description = "Powerful data structures for data analysis, time series, and statistics"
optional = false
python-versions = ">=3.9"
files = [
    {file = "pandas-2.2.1-cp310-cp310-macosx_10_9_x86_64.whl", hash = "sha256:8df8612be9cd1c7797c93e1c5df861b2ddda0b48b08f2c3eaa0702cf88fb5f88"},
    {file = "pandas-2.2.1-cp310-cp310-macosx_11_0_arm64.whl", hash = "sha256:0f573ab277252ed9aaf38240f3b54cfc90fff8e5cab70411ee1d03f5d51f3944"},
    {file = "pandas-2.2.1-cp310-cp310-manylinux_2_17_aarch64.manylinux2014_aarch64.whl", hash = "sha256:f02a3a6c83df4026e55b63c1f06476c9aa3ed6af3d89b4f04ea656ccdaaaa359"},
    {file = "pandas-2.2.1-cp310-cp310-manylinux_2_17_x86_64.manylinux2014_x86_64.whl", hash = "sha256:c38ce92cb22a4bea4e3929429aa1067a454dcc9c335799af93ba9be21b6beb51"},
    {file = "pandas-2.2.1-cp310-cp310-musllinux_1_1_aarch64.whl", hash = "sha256:c2ce852e1cf2509a69e98358e8458775f89599566ac3775e70419b98615f4b06"},
    {file = "pandas-2.2.1-cp310-cp310-musllinux_1_1_x86_64.whl", hash = "sha256:53680dc9b2519cbf609c62db3ed7c0b499077c7fefda564e330286e619ff0dd9"},
    {file = "pandas-2.2.1-cp310-cp310-win_amd64.whl", hash = "sha256:94e714a1cca63e4f5939cdce5f29ba8d415d85166be3441165edd427dc9f6bc0"},
    {file = "pandas-2.2.1-cp311-cp311-macosx_10_9_x86_64.whl", hash = "sha256:f821213d48f4ab353d20ebc24e4faf94ba40d76680642fb7ce2ea31a3ad94f9b"},
    {file = "pandas-2.2.1-cp311-cp311-macosx_11_0_arm64.whl", hash = "sha256:c70e00c2d894cb230e5c15e4b1e1e6b2b478e09cf27cc593a11ef955b9ecc81a"},
    {file = "pandas-2.2.1-cp311-cp311-manylinux_2_17_aarch64.manylinux2014_aarch64.whl", hash = "sha256:e97fbb5387c69209f134893abc788a6486dbf2f9e511070ca05eed4b930b1b02"},
    {file = "pandas-2.2.1-cp311-cp311-manylinux_2_17_x86_64.manylinux2014_x86_64.whl", hash = "sha256:101d0eb9c5361aa0146f500773395a03839a5e6ecde4d4b6ced88b7e5a1a6403"},
    {file = "pandas-2.2.1-cp311-cp311-musllinux_1_1_aarch64.whl", hash = "sha256:7d2ed41c319c9fb4fd454fe25372028dfa417aacb9790f68171b2e3f06eae8cd"},
    {file = "pandas-2.2.1-cp311-cp311-musllinux_1_1_x86_64.whl", hash = "sha256:af5d3c00557d657c8773ef9ee702c61dd13b9d7426794c9dfeb1dc4a0bf0ebc7"},
    {file = "pandas-2.2.1-cp311-cp311-win_amd64.whl", hash = "sha256:06cf591dbaefb6da9de8472535b185cba556d0ce2e6ed28e21d919704fef1a9e"},
    {file = "pandas-2.2.1-cp312-cp312-macosx_10_9_x86_64.whl", hash = "sha256:88ecb5c01bb9ca927ebc4098136038519aa5d66b44671861ffab754cae75102c"},
    {file = "pandas-2.2.1-cp312-cp312-macosx_11_0_arm64.whl", hash = "sha256:04f6ec3baec203c13e3f8b139fb0f9f86cd8c0b94603ae3ae8ce9a422e9f5bee"},
    {file = "pandas-2.2.1-cp312-cp312-manylinux_2_17_aarch64.manylinux2014_aarch64.whl", hash = "sha256:a935a90a76c44fe170d01e90a3594beef9e9a6220021acfb26053d01426f7dc2"},
    {file = "pandas-2.2.1-cp312-cp312-manylinux_2_17_x86_64.manylinux2014_x86_64.whl", hash = "sha256:c391f594aae2fd9f679d419e9a4d5ba4bce5bb13f6a989195656e7dc4b95c8f0"},
    {file = "pandas-2.2.1-cp312-cp312-musllinux_1_1_aarch64.whl", hash = "sha256:9d1265545f579edf3f8f0cb6f89f234f5e44ba725a34d86535b1a1d38decbccc"},
    {file = "pandas-2.2.1-cp312-cp312-musllinux_1_1_x86_64.whl", hash = "sha256:11940e9e3056576ac3244baef2fedade891977bcc1cb7e5cc8f8cc7d603edc89"},
    {file = "pandas-2.2.1-cp312-cp312-win_amd64.whl", hash = "sha256:4acf681325ee1c7f950d058b05a820441075b0dd9a2adf5c4835b9bc056bf4fb"},
    {file = "pandas-2.2.1-cp39-cp39-macosx_10_9_x86_64.whl", hash = "sha256:9bd8a40f47080825af4317d0340c656744f2bfdb6819f818e6ba3cd24c0e1397"},
    {file = "pandas-2.2.1-cp39-cp39-macosx_11_0_arm64.whl", hash = "sha256:df0c37ebd19e11d089ceba66eba59a168242fc6b7155cba4ffffa6eccdfb8f16"},
    {file = "pandas-2.2.1-cp39-cp39-manylinux_2_17_aarch64.manylinux2014_aarch64.whl", hash = "sha256:739cc70eaf17d57608639e74d63387b0d8594ce02f69e7a0b046f117974b3019"},
    {file = "pandas-2.2.1-cp39-cp39-manylinux_2_17_x86_64.manylinux2014_x86_64.whl", hash = "sha256:f9d3558d263073ed95e46f4650becff0c5e1ffe0fc3a015de3c79283dfbdb3df"},
    {file = "pandas-2.2.1-cp39-cp39-musllinux_1_1_aarch64.whl", hash = "sha256:4aa1d8707812a658debf03824016bf5ea0d516afdea29b7dc14cf687bc4d4ec6"},
    {file = "pandas-2.2.1-cp39-cp39-musllinux_1_1_x86_64.whl", hash = "sha256:76f27a809cda87e07f192f001d11adc2b930e93a2b0c4a236fde5429527423be"},
    {file = "pandas-2.2.1-cp39-cp39-win_amd64.whl", hash = "sha256:1ba21b1d5c0e43416218db63037dbe1a01fc101dc6e6024bcad08123e48004ab"},
    {file = "pandas-2.2.1.tar.gz", hash = "sha256:0ab90f87093c13f3e8fa45b48ba9f39181046e8f3317d3aadb2fffbb1b978572"},
]

[package.dependencies]
numpy = [
    {version = ">=1.23.2,<2", markers = "python_version == \"3.11\""},
    {version = ">=1.26.0,<2", markers = "python_version >= \"3.12\""},
]
python-dateutil = ">=2.8.2"
pytz = ">=2020.1"
tzdata = ">=2022.7"

[package.extras]
all = ["PyQt5 (>=5.15.9)", "SQLAlchemy (>=2.0.0)", "adbc-driver-postgresql (>=0.8.0)", "adbc-driver-sqlite (>=0.8.0)", "beautifulsoup4 (>=4.11.2)", "bottleneck (>=1.3.6)", "dataframe-api-compat (>=0.1.7)", "fastparquet (>=2022.12.0)", "fsspec (>=2022.11.0)", "gcsfs (>=2022.11.0)", "html5lib (>=1.1)", "hypothesis (>=6.46.1)", "jinja2 (>=3.1.2)", "lxml (>=4.9.2)", "matplotlib (>=3.6.3)", "numba (>=0.56.4)", "numexpr (>=2.8.4)", "odfpy (>=1.4.1)", "openpyxl (>=3.1.0)", "pandas-gbq (>=0.19.0)", "psycopg2 (>=2.9.6)", "pyarrow (>=10.0.1)", "pymysql (>=1.0.2)", "pyreadstat (>=1.2.0)", "pytest (>=7.3.2)", "pytest-xdist (>=2.2.0)", "python-calamine (>=0.1.7)", "pyxlsb (>=1.0.10)", "qtpy (>=2.3.0)", "s3fs (>=2022.11.0)", "scipy (>=1.10.0)", "tables (>=3.8.0)", "tabulate (>=0.9.0)", "xarray (>=2022.12.0)", "xlrd (>=2.0.1)", "xlsxwriter (>=3.0.5)", "zstandard (>=0.19.0)"]
aws = ["s3fs (>=2022.11.0)"]
clipboard = ["PyQt5 (>=5.15.9)", "qtpy (>=2.3.0)"]
compression = ["zstandard (>=0.19.0)"]
computation = ["scipy (>=1.10.0)", "xarray (>=2022.12.0)"]
consortium-standard = ["dataframe-api-compat (>=0.1.7)"]
excel = ["odfpy (>=1.4.1)", "openpyxl (>=3.1.0)", "python-calamine (>=0.1.7)", "pyxlsb (>=1.0.10)", "xlrd (>=2.0.1)", "xlsxwriter (>=3.0.5)"]
feather = ["pyarrow (>=10.0.1)"]
fss = ["fsspec (>=2022.11.0)"]
gcp = ["gcsfs (>=2022.11.0)", "pandas-gbq (>=0.19.0)"]
hdf5 = ["tables (>=3.8.0)"]
html = ["beautifulsoup4 (>=4.11.2)", "html5lib (>=1.1)", "lxml (>=4.9.2)"]
mysql = ["SQLAlchemy (>=2.0.0)", "pymysql (>=1.0.2)"]
output-formatting = ["jinja2 (>=3.1.2)", "tabulate (>=0.9.0)"]
parquet = ["pyarrow (>=10.0.1)"]
performance = ["bottleneck (>=1.3.6)", "numba (>=0.56.4)", "numexpr (>=2.8.4)"]
plot = ["matplotlib (>=3.6.3)"]
postgresql = ["SQLAlchemy (>=2.0.0)", "adbc-driver-postgresql (>=0.8.0)", "psycopg2 (>=2.9.6)"]
pyarrow = ["pyarrow (>=10.0.1)"]
spss = ["pyreadstat (>=1.2.0)"]
sql-other = ["SQLAlchemy (>=2.0.0)", "adbc-driver-postgresql (>=0.8.0)", "adbc-driver-sqlite (>=0.8.0)"]
test = ["hypothesis (>=6.46.1)", "pytest (>=7.3.2)", "pytest-xdist (>=2.2.0)"]
xml = ["lxml (>=4.9.2)"]

[[package]]
name = "python-dateutil"
version = "2.9.0.post0"
description = "Extensions to the standard Python datetime module"
optional = false
python-versions = "!=3.0.*,!=3.1.*,!=3.2.*,>=2.7"
files = [
    {file = "python-dateutil-2.9.0.post0.tar.gz", hash = "sha256:37dd54208da7e1cd875388217d5e00ebd4179249f90fb72437e91a35459a0ad3"},
    {file = "python_dateutil-2.9.0.post0-py2.py3-none-any.whl", hash = "sha256:a8b2bc7bffae282281c8140a97d3aa9c14da0b136dfe83f850eea9a5f7470427"},
]

[package.dependencies]
six = ">=1.5"

[[package]]
name = "python-libsbml"
version = "5.20.2"
description = "LibSBML Python API"
optional = false
python-versions = "*"
files = [
    {file = "python-libsbml-5.20.2.tar.gz", hash = "sha256:0af5cbff68c9b52bac4bd7bb261f93a60832dc8cb31dafc90d3aff51467935b7"},
    {file = "python_libsbml-5.20.2-cp310-cp310-macosx_10_9_x86_64.whl", hash = "sha256:11cb3b9a96d3438f6600d2f0900506dc86fcf2c6cadef5d401c8b9886abbb3ae"},
    {file = "python_libsbml-5.20.2-cp310-cp310-macosx_11_0_arm64.whl", hash = "sha256:646548461e71b3aaf0871fef75cca2c04e45a7e16225d2ab43b60ab4a6502b9a"},
    {file = "python_libsbml-5.20.2-cp310-cp310-manylinux_2_17_aarch64.manylinux2014_aarch64.whl", hash = "sha256:4b02dbe1f314de55b07e52e557311fe0f2556cee66d3e5ee7ca4c4e13c41eee1"},
    {file = "python_libsbml-5.20.2-cp310-cp310-manylinux_2_17_i686.manylinux2014_i686.whl", hash = "sha256:078ed0fffd335ef863a69e013959c14abc77943b6191847ba29619e85887a98f"},
    {file = "python_libsbml-5.20.2-cp310-cp310-manylinux_2_17_x86_64.manylinux2014_x86_64.whl", hash = "sha256:3af04da7a23dc7e904db4a98d5e4f3e39cc68cb0bc8fdd2c57dda0e3bcfed999"},
    {file = "python_libsbml-5.20.2-cp310-cp310-musllinux_1_1_i686.whl", hash = "sha256:cf4e6d00fe3f422e863b30e0e80b99e62199b5807e2a443f1329d4fdf7ae7a79"},
    {file = "python_libsbml-5.20.2-cp310-cp310-musllinux_1_1_x86_64.whl", hash = "sha256:d68b6ca2e7e51a1bf91b2b7d561be6c223701bcf1c672b2c2ce69ed4a3f35da5"},
    {file = "python_libsbml-5.20.2-cp310-cp310-win32.whl", hash = "sha256:b7c6bb6b4579cc9d7f8363401dee21c22d1e7341edd2690199be7436c87b9493"},
    {file = "python_libsbml-5.20.2-cp310-cp310-win_amd64.whl", hash = "sha256:5b65d7dba3408baba0ae246a0695749eb8786d27f2589ae1fb68c04d8c2ab4e6"},
    {file = "python_libsbml-5.20.2-cp311-cp311-macosx_10_9_x86_64.whl", hash = "sha256:3288e3b7b795c9aac465e16676815b81fa581be8227f103753fa0f4d813ae067"},
    {file = "python_libsbml-5.20.2-cp311-cp311-macosx_11_0_arm64.whl", hash = "sha256:1d2d00254908e22a581c9f3503fdc0525367ed882e2fdf570f9fbaf536ecb9f9"},
    {file = "python_libsbml-5.20.2-cp311-cp311-manylinux_2_17_aarch64.manylinux2014_aarch64.whl", hash = "sha256:11e40b83f7addee35176812c7a06c90ed464796e0b93bf9be10ddfa6283be895"},
    {file = "python_libsbml-5.20.2-cp311-cp311-manylinux_2_17_i686.manylinux2014_i686.whl", hash = "sha256:a06f44de1662525fc4516df95cdd7dd11191a2ff66125cf304353e5d57908978"},
    {file = "python_libsbml-5.20.2-cp311-cp311-manylinux_2_17_x86_64.manylinux2014_x86_64.whl", hash = "sha256:171303fa26b6d248acc4046a19ab9d2d88c5bd72d6427d269f0e4aa6701e4164"},
    {file = "python_libsbml-5.20.2-cp311-cp311-musllinux_1_1_i686.whl", hash = "sha256:4aaddceb46dbbb6da9f0faa841ae9c2cace23a374f981eefb525980bd57db38d"},
    {file = "python_libsbml-5.20.2-cp311-cp311-musllinux_1_1_x86_64.whl", hash = "sha256:420035cf2ea56ba2e8b932225b64742127856c33158c18fd80760bd1be85178a"},
    {file = "python_libsbml-5.20.2-cp311-cp311-win32.whl", hash = "sha256:f93b067631f5796f845716d052efc386a016512521651fa10d735d0a1f4f27fb"},
    {file = "python_libsbml-5.20.2-cp311-cp311-win_amd64.whl", hash = "sha256:286e513c4d43fe7c27767bfd73a4c3351e3969968c0e7a6e7fcd15d006836007"},
    {file = "python_libsbml-5.20.2-cp312-cp312-macosx_10_9_x86_64.whl", hash = "sha256:d472f9fdee5388ce2784918d1e84c22fc144beb151e98b7d257a80dfc2cd4d40"},
    {file = "python_libsbml-5.20.2-cp312-cp312-macosx_11_0_arm64.whl", hash = "sha256:6af51e8a4dab9b867d4fb0cce500d5a058fb44a58d3667d57a435f5c82ad1272"},
    {file = "python_libsbml-5.20.2-cp312-cp312-manylinux_2_17_aarch64.manylinux2014_aarch64.whl", hash = "sha256:667bd753bf1786c50d79ff21c9a45a993788ab7045e6c05032bc3b5e5b97997c"},
    {file = "python_libsbml-5.20.2-cp312-cp312-manylinux_2_17_i686.manylinux2014_i686.whl", hash = "sha256:a9bfc2fed842ac4c19066e123b9441c1e45f7f5193edcaf7678520a2a154a29b"},
    {file = "python_libsbml-5.20.2-cp312-cp312-manylinux_2_17_x86_64.manylinux2014_x86_64.whl", hash = "sha256:b17e6d9dd396cedaa41970d291a5203cf67e500dbfd050f535618a3fdaa11551"},
    {file = "python_libsbml-5.20.2-cp312-cp312-musllinux_1_1_i686.whl", hash = "sha256:c5e7b0ec46ae9a8145f4bb90e8c1a627e374cbd5675ec0b9ce8727a30e3efd36"},
    {file = "python_libsbml-5.20.2-cp312-cp312-musllinux_1_1_x86_64.whl", hash = "sha256:cd29ec307471bdcb489aeae096e19d5606a6b1f0c7fe2faa4b95961884288a48"},
    {file = "python_libsbml-5.20.2-cp312-cp312-win32.whl", hash = "sha256:1bc28c1078e15063d31b50e65528408019a0e6f553b1e6ead79c3386b8aea328"},
    {file = "python_libsbml-5.20.2-cp312-cp312-win_amd64.whl", hash = "sha256:d7a4b626dbbb2366e98f726f58bd60904df401dd7abb22aeb45787f9d704e0cb"},
    {file = "python_libsbml-5.20.2-cp36-cp36m-manylinux_2_17_aarch64.manylinux2014_aarch64.whl", hash = "sha256:4959231cefb8abdd05852aab8ad211358e0a03c170c96b266d70ae0ebd2e8cdc"},
    {file = "python_libsbml-5.20.2-cp37-cp37m-macosx_10_9_x86_64.whl", hash = "sha256:73608d768527993ecff9877a07dbb8191a61a729c1d1e8f6873aedad3639bba8"},
    {file = "python_libsbml-5.20.2-cp37-cp37m-manylinux_2_17_aarch64.manylinux2014_aarch64.whl", hash = "sha256:b9bc9064e072b89c4e1b2aa54a653e66fe467712a659adea877a33118abdd7fa"},
    {file = "python_libsbml-5.20.2-cp37-cp37m-manylinux_2_17_i686.manylinux2014_i686.whl", hash = "sha256:55e269cfa62e6c9ea288e5f42d6b73c033ee274e163357df33effd5efa6c6b81"},
    {file = "python_libsbml-5.20.2-cp37-cp37m-manylinux_2_17_x86_64.manylinux2014_x86_64.whl", hash = "sha256:ccfef5f719e1710a28a19cba1f27291d342619584dbcf11b12d3387c043a8d22"},
    {file = "python_libsbml-5.20.2-cp37-cp37m-musllinux_1_1_i686.whl", hash = "sha256:5b2d7fb9e6d5b77111793725b4d0e4f4a95458c0638d6a076fb4aed71dc89fde"},
    {file = "python_libsbml-5.20.2-cp37-cp37m-musllinux_1_1_x86_64.whl", hash = "sha256:4cca30eaaefec64dd1863e334c5dc3342e3f5a1db8a35bbf2e25bd6549134740"},
    {file = "python_libsbml-5.20.2-cp37-cp37m-win32.whl", hash = "sha256:a595562eb57af5228e0ce7acf7bd4db64ecaa72d098364bfcee59c0c21793190"},
    {file = "python_libsbml-5.20.2-cp37-cp37m-win_amd64.whl", hash = "sha256:f7cd7c5b661eddc52a90ca9801646f073f037ba4f84dd0466b0a3aa55e0dfc55"},
    {file = "python_libsbml-5.20.2-cp38-cp38-macosx_10_9_x86_64.whl", hash = "sha256:07407bb8341726ce6a863b2920e895f920e6e1c6d2fbcd63c4c3739871d09c4a"},
    {file = "python_libsbml-5.20.2-cp38-cp38-macosx_11_0_arm64.whl", hash = "sha256:0841ca8d81e634c10e1afd0c6fa358e495c7e3de52a64aa9317596658b5baae4"},
    {file = "python_libsbml-5.20.2-cp38-cp38-manylinux_2_17_aarch64.manylinux2014_aarch64.whl", hash = "sha256:e2fed66801019e93a81a3c16fa70c2c279df85feb241fdb0449cbe878fed2aa1"},
    {file = "python_libsbml-5.20.2-cp38-cp38-manylinux_2_17_i686.manylinux2014_i686.whl", hash = "sha256:435f08dee0b12550e63a0d2d97d984d588cfad069bf69ec143428cd4c176ec96"},
    {file = "python_libsbml-5.20.2-cp38-cp38-manylinux_2_17_x86_64.manylinux2014_x86_64.whl", hash = "sha256:8df9bd01cfa6a04910c97b7468df80c923cda2459ec1833caa9d5daee25bb48b"},
    {file = "python_libsbml-5.20.2-cp38-cp38-musllinux_1_1_i686.whl", hash = "sha256:29d4edd2f2a9da55fc462309117ab886ac7c5a44823443967a0e68181f78a8f1"},
    {file = "python_libsbml-5.20.2-cp38-cp38-musllinux_1_1_x86_64.whl", hash = "sha256:7705b43192d19dc1eed3b07e695045a5185bc836613454a14d7935e96a7b5f3f"},
    {file = "python_libsbml-5.20.2-cp38-cp38-win32.whl", hash = "sha256:ca930a838bef06071b7034e96b7ba2e6a759d8d9c58d7ee56c3a6efdc964df79"},
    {file = "python_libsbml-5.20.2-cp38-cp38-win_amd64.whl", hash = "sha256:39591199efb6c717830b0778211ed79a5b500fe0918604a9e84c24aa58f0528c"},
    {file = "python_libsbml-5.20.2-cp39-cp39-macosx_10_9_x86_64.whl", hash = "sha256:4be3fb028a3ffa1139064e232818ba73790d44763561258fbeb7d7cc667368cb"},
    {file = "python_libsbml-5.20.2-cp39-cp39-macosx_11_0_arm64.whl", hash = "sha256:896d4ff0cf2622a03e0d0aaffae3e4529b9d6b5d34778f323621d89f90c60068"},
    {file = "python_libsbml-5.20.2-cp39-cp39-manylinux_2_17_aarch64.manylinux2014_aarch64.whl", hash = "sha256:408de6bb47d8c4a18ad493a00a96ea1e4f179f9734d875c0e9856b34fe0e1ca9"},
    {file = "python_libsbml-5.20.2-cp39-cp39-manylinux_2_17_i686.manylinux2014_i686.whl", hash = "sha256:e32ca02116afd5c0b9d3179d37788f153dd9049e46dee0bf8166e44b5952e6e0"},
    {file = "python_libsbml-5.20.2-cp39-cp39-manylinux_2_17_x86_64.manylinux2014_x86_64.whl", hash = "sha256:fa47d900123c76d57ec76264452675b44ec6a96df1907f990af04710bafd5df4"},
    {file = "python_libsbml-5.20.2-cp39-cp39-musllinux_1_1_i686.whl", hash = "sha256:c6ec2f887df33697c94cd56e46e9e7b23da02b6797586ce814325e40ac22ca47"},
    {file = "python_libsbml-5.20.2-cp39-cp39-musllinux_1_1_x86_64.whl", hash = "sha256:03491aba0ccd6dd5d39fa2b5932e6652b876ba0923437ed6bdc9a2e034ac966c"},
    {file = "python_libsbml-5.20.2-cp39-cp39-win32.whl", hash = "sha256:523915d628200c7f9cba77707433bd4262e5d41322f464db93e7d907220bc78c"},
    {file = "python_libsbml-5.20.2-cp39-cp39-win_amd64.whl", hash = "sha256:35822c9677360af5021c7efc5fcf4e8561b8275bda766c4340f9a12679d85418"},
    {file = "python_libsbml-5.20.2-pp310-pypy310_pp73-manylinux_2_17_aarch64.manylinux2014_aarch64.whl", hash = "sha256:84eef24a70e5a282bac3ffab1478bb57b0a8f9fc7bf88ccfd841bb9f752ddd2c"},
    {file = "python_libsbml-5.20.2-pp37-pypy37_pp73-manylinux_2_17_aarch64.manylinux2014_aarch64.whl", hash = "sha256:32675eb627af2a89f91793222c19cbbe07fa8f346cf357d85ac3da6fc8722c19"},
    {file = "python_libsbml-5.20.2-pp38-pypy38_pp73-manylinux_2_17_aarch64.manylinux2014_aarch64.whl", hash = "sha256:0a36a409717e8b019f0cf448895ad982bb5ba0553abc6333a10ee788c8b2aebb"},
    {file = "python_libsbml-5.20.2-pp39-pypy39_pp73-manylinux_2_17_aarch64.manylinux2014_aarch64.whl", hash = "sha256:358b133a90258ca10249c1518be4133adc239c25650c97b4490aa5cc4f473c17"},
]

[[package]]
name = "pytz"
version = "2024.1"
description = "World timezone definitions, modern and historical"
optional = false
python-versions = "*"
files = [
    {file = "pytz-2024.1-py2.py3-none-any.whl", hash = "sha256:328171f4e3623139da4983451950b28e95ac706e13f3f2630a879749e7a8b319"},
    {file = "pytz-2024.1.tar.gz", hash = "sha256:2a29735ea9c18baf14b448846bde5a48030ed267578472d8955cd0e7443a9812"},
]

[[package]]
name = "scipy"
version = "1.12.0"
description = "Fundamental algorithms for scientific computing in Python"
optional = false
python-versions = ">=3.9"
files = [
    {file = "scipy-1.12.0-cp310-cp310-macosx_10_9_x86_64.whl", hash = "sha256:78e4402e140879387187f7f25d91cc592b3501a2e51dfb320f48dfb73565f10b"},
    {file = "scipy-1.12.0-cp310-cp310-macosx_12_0_arm64.whl", hash = "sha256:f5f00ebaf8de24d14b8449981a2842d404152774c1a1d880c901bf454cb8e2a1"},
    {file = "scipy-1.12.0-cp310-cp310-manylinux_2_17_aarch64.manylinux2014_aarch64.whl", hash = "sha256:e53958531a7c695ff66c2e7bb7b79560ffdc562e2051644c5576c39ff8efb563"},
    {file = "scipy-1.12.0-cp310-cp310-manylinux_2_17_x86_64.manylinux2014_x86_64.whl", hash = "sha256:5e32847e08da8d895ce09d108a494d9eb78974cf6de23063f93306a3e419960c"},
    {file = "scipy-1.12.0-cp310-cp310-musllinux_1_1_x86_64.whl", hash = "sha256:4c1020cad92772bf44b8e4cdabc1df5d87376cb219742549ef69fc9fd86282dd"},
    {file = "scipy-1.12.0-cp310-cp310-win_amd64.whl", hash = "sha256:75ea2a144096b5e39402e2ff53a36fecfd3b960d786b7efd3c180e29c39e53f2"},
    {file = "scipy-1.12.0-cp311-cp311-macosx_10_9_x86_64.whl", hash = "sha256:408c68423f9de16cb9e602528be4ce0d6312b05001f3de61fe9ec8b1263cad08"},
    {file = "scipy-1.12.0-cp311-cp311-macosx_12_0_arm64.whl", hash = "sha256:5adfad5dbf0163397beb4aca679187d24aec085343755fcdbdeb32b3679f254c"},
    {file = "scipy-1.12.0-cp311-cp311-manylinux_2_17_aarch64.manylinux2014_aarch64.whl", hash = "sha256:c3003652496f6e7c387b1cf63f4bb720951cfa18907e998ea551e6de51a04467"},
    {file = "scipy-1.12.0-cp311-cp311-manylinux_2_17_x86_64.manylinux2014_x86_64.whl", hash = "sha256:8b8066bce124ee5531d12a74b617d9ac0ea59245246410e19bca549656d9a40a"},
    {file = "scipy-1.12.0-cp311-cp311-musllinux_1_1_x86_64.whl", hash = "sha256:8bee4993817e204d761dba10dbab0774ba5a8612e57e81319ea04d84945375ba"},
    {file = "scipy-1.12.0-cp311-cp311-win_amd64.whl", hash = "sha256:a24024d45ce9a675c1fb8494e8e5244efea1c7a09c60beb1eeb80373d0fecc70"},
    {file = "scipy-1.12.0-cp312-cp312-macosx_10_9_x86_64.whl", hash = "sha256:e7e76cc48638228212c747ada851ef355c2bb5e7f939e10952bc504c11f4e372"},
    {file = "scipy-1.12.0-cp312-cp312-macosx_12_0_arm64.whl", hash = "sha256:f7ce148dffcd64ade37b2df9315541f9adad6efcaa86866ee7dd5db0c8f041c3"},
    {file = "scipy-1.12.0-cp312-cp312-manylinux_2_17_aarch64.manylinux2014_aarch64.whl", hash = "sha256:9c39f92041f490422924dfdb782527a4abddf4707616e07b021de33467f917bc"},
    {file = "scipy-1.12.0-cp312-cp312-manylinux_2_17_x86_64.manylinux2014_x86_64.whl", hash = "sha256:a7ebda398f86e56178c2fa94cad15bf457a218a54a35c2a7b4490b9f9cb2676c"},
    {file = "scipy-1.12.0-cp312-cp312-musllinux_1_1_x86_64.whl", hash = "sha256:95e5c750d55cf518c398a8240571b0e0782c2d5a703250872f36eaf737751338"},
    {file = "scipy-1.12.0-cp312-cp312-win_amd64.whl", hash = "sha256:e646d8571804a304e1da01040d21577685ce8e2db08ac58e543eaca063453e1c"},
    {file = "scipy-1.12.0-cp39-cp39-macosx_10_9_x86_64.whl", hash = "sha256:913d6e7956c3a671de3b05ccb66b11bc293f56bfdef040583a7221d9e22a2e35"},
    {file = "scipy-1.12.0-cp39-cp39-macosx_12_0_arm64.whl", hash = "sha256:bba1b0c7256ad75401c73e4b3cf09d1f176e9bd4248f0d3112170fb2ec4db067"},
    {file = "scipy-1.12.0-cp39-cp39-manylinux_2_17_aarch64.manylinux2014_aarch64.whl", hash = "sha256:730badef9b827b368f351eacae2e82da414e13cf8bd5051b4bdfd720271a5371"},
    {file = "scipy-1.12.0-cp39-cp39-manylinux_2_17_x86_64.manylinux2014_x86_64.whl", hash = "sha256:6546dc2c11a9df6926afcbdd8a3edec28566e4e785b915e849348c6dd9f3f490"},
    {file = "scipy-1.12.0-cp39-cp39-musllinux_1_1_x86_64.whl", hash = "sha256:196ebad3a4882081f62a5bf4aeb7326aa34b110e533aab23e4374fcccb0890dc"},
    {file = "scipy-1.12.0-cp39-cp39-win_amd64.whl", hash = "sha256:b360f1b6b2f742781299514e99ff560d1fe9bd1bff2712894b52abe528d1fd1e"},
    {file = "scipy-1.12.0.tar.gz", hash = "sha256:4bf5abab8a36d20193c698b0f1fc282c1d083c94723902c447e5d2f1780936a3"},
]

[package.dependencies]
numpy = ">=1.22.4,<1.29.0"

[package.extras]
dev = ["click", "cython-lint (>=0.12.2)", "doit (>=0.36.0)", "mypy", "pycodestyle", "pydevtool", "rich-click", "ruff", "types-psutil", "typing_extensions"]
doc = ["jupytext", "matplotlib (>2)", "myst-nb", "numpydoc", "pooch", "pydata-sphinx-theme (==0.9.0)", "sphinx (!=4.1.0)", "sphinx-design (>=0.2.0)"]
test = ["asv", "gmpy2", "hypothesis", "mpmath", "pooch", "pytest", "pytest-cov", "pytest-timeout", "pytest-xdist", "scikit-umfpack", "threadpoolctl"]

[[package]]
name = "six"
version = "1.16.0"
description = "Python 2 and 3 compatibility utilities"
optional = false
python-versions = ">=2.7, !=3.0.*, !=3.1.*, !=3.2.*"
files = [
    {file = "six-1.16.0-py2.py3-none-any.whl", hash = "sha256:8abb2f1d86890a2dfb989f9a77cfcfd3e47c2a354b01111771326f8aa26e0254"},
    {file = "six-1.16.0.tar.gz", hash = "sha256:1e61c37477a1626458e36f7b1d82aa5c9b094fa4802892072e49de9c60c4c926"},
]

[[package]]
name = "tzdata"
version = "2024.1"
description = "Provider of IANA time zone data"
optional = false
python-versions = ">=2"
files = [
    {file = "tzdata-2024.1-py2.py3-none-any.whl", hash = "sha256:9068bc196136463f5245e51efda838afa15aaeca9903f49050dfa2679db4d252"},
    {file = "tzdata-2024.1.tar.gz", hash = "sha256:2674120f8d891909751c38abcdfd386ac0a5a1127954fbc332af6b5ceae07efd"},
]

[metadata]
lock-version = "2.0"
python-versions = "^3.11"
content-hash = "f198b13e314adb1c1624a3a8d0a2eeae23fa4d6742e15fb81d5048e515b8e683"
